{
  "version": 4,
  "terraform_version": "1.5.7",
  "serial": 155,
  "lineage": "5f170e27-3289-5944-fc88-05d79fcdc173",
  "outputs": {
    "ipv4_address": {
      "value": [
        "5.161.209.205",
        "5.161.44.209",
        "5.161.118.111",
        "5.161.230.102",
        "5.161.122.226"
      ],
      "type": [
        "tuple",
        [
          "string",
          "string",
          "string",
          "string",
          "string"
        ]
      ]
    },
    "name": {
      "value": [
        "dev-o1-0",
        "dev-o1-1",
        "dev-o1-2",
        "dev-o1-3",
        "dev-o1-4"
      ],
      "type": [
        "tuple",
        [
          "string",
          "string",
          "string",
          "string",
          "string"
        ]
      ]
    }
  },
  "resources": [
    {
      "mode": "data",
      "type": "hcp_vault_secrets_app",
      "name": "techsecom-infra",
      "provider": "provider[\"registry.terraform.io/hashicorp/hcp\"]",
      "instances": [
        {
          "schema_version": 0,
          "attributes": {
            "app_name": "techsecom-infra",
            "id": "techsecom-infra",
            "organization_id": "8ba6774d-3251-4daa-a568-7c948ca0b5e1",
            "project_id": "c203ac47-2e68-428d-9504-75cd54c46d51",
            "secrets": {
              "argocd_downstream_github_clientSecret": "ZGUzMThmN2FhMjBjYmRmZThhMTJkZjdmZDFjOWU1ZTI1YTlhOWFmOQ==",
              "argocd_downstream_github_clientid": "58c19269fa8d72d9e61f",
              "argocd_downstream_github_webhook_secret": "Y2FuaXNlZVVAQDE=",
              "argocd_github_clientSecret": "Y2M5NTI2ZDVhZmI2ZmJmNWU5MjE5MDNkY2MxZDNiNDU4NGQ4YWEyNg==",
              "argocd_github_clientid": "fcd26db8123c59dc15c1",
              "argocd_github_webhook_secret": "Y2FuaXNlZVVAQDE=",
              "aws_admin_access_key": "AKIAXLOYDVGHHSOMGMCN",
              "aws_admin_secret_key": "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",
              "aws_s3_admin_access_key": "AKIAXLOYDVGHEH2RV37V",
              "aws_s3_admin_secret_key": "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",
              "azure_client_id": "c815fbf3-eac1-4984-aab5-a5980aadded9",
              "azure_client_secret": "GWq8Q~TrhuNOerx7MVDB.kTCM2xuQtyOF24g2aaX",
              "azure_subscription_id": "235ad3f4-7b6c-4cb2-82d8-2c9b8c316167",
              "azure_tenant_id": "df553254-38fe-4815-bcf9-ff8b88b6b2a4",
              "client_id": "ababd058-8bfb-4bf8-9350-128c121216e9",
              "client_secret": "df553254-38fe-4815-bcf9-ff8b88b6b2a4",
              "cloudflare_api_key": "aa4c6371da36ebb4fb249516e045cc588716c",
              "cloudflare_api_token": "gKHyX-ATz670-GoP8nfTF0eMYZvh6Kp_5arYijo5",
              "cloudflare_email": "donydonald1@icloud.com",
              "cloudflare_s3_access_key": "3b63655194b060544fa5da7046dafb91",
              "cloudflare_s3_bucket_endpoint": "https://af49a211cd96ecd23f252eed8bd2fcfa.r2.cloudflarestorage.com/techsecom-rke2-management",
              "cloudflare_s3_secret_key": "120aa701231908a3cda79147bba25361ef9f9443ab834fa45118d3880ea8c676",
              "cloudflare_techsecom_net_zone_id": "292a8b8abd244898605790d7ff81e166",
              "dex_client_static_password": "dGVjaHNlY29tX2RleF9vaWRjXyZfcmtlMg==",
              "dex_clusters_login_github_client_id": "d851aa255505ee6ff220",
              "dex_clusters_login_github_client_secret": "ac9ea6d6066ede4539a5b477f287a6b3675d6fd0",
              "github_client_id": "8da15f86c560a6e6d2eb",
              "github_client_secret": "5258e6ca2a6eefe5ad496399528ea65a0ee58902",
              "github_token": "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",
              "hcloud_token": "GN9mEY5fxOahqMPablsaVuC852EuzbDQ8jWTnn558vUVpZ8mV20nbflF82zcVLIV",
              "kelson_api_token_hcloud": "Dbm43P4zGPyiOZxWHr9syZpNOkuraiPrfZcj4slFuWBHMeJTMm3IJBKwbnyRyjQ5",
              "kubernetes_platform_managements": "https://techsecom.webhook.office.com/webhookb2/99383613-5b4a-4b0e-aace-9c4001b4a028@df553254-38fe-4815-bcf9-ff8b88b6b2a4/IncomingWebhook/11636bc817474a21bfeefc858f27b060/8c5ef1ee-5dd5-4048-a9b2-10d665e1fd53",
              "login_github_oidc_client_id_co": "8da15f86c560a6e6d2eb",
              "login_github_oidc_client_id_net": "d851aa255505ee6ff220",
              "login_github_oidc_secret_co": "5df52c4abc5fe1c95d0ed48b40cfcf6315767c95",
              "login_github_oidc_secret_net": "fc8178290c84176742360b2aef560a05db351ff5",
              "rancher_access_key": "token-sccbd",
              "rancher_admin_password": "loverosatanO@23",
              "rancher_initial_password": "@40696fkgjtu53edjrfkflre5t34556r3ew54678hfrtyfr56aswfq",
              "rancher_secret_key": "2n222w87tntmz7l87nrsc5bcd8zc88tr284sc6fjkdcdw4n4bfnncr",
              "techsecom_github_org": "Techsecom",
              "techsecom_github_team": "techsecom-rke2-team",
              "techsecom_local_rke2_manager_critical": "https://techsecom.webhook.office.com/webhookb2/d4612c53-a2da-4d13-aaef-52b525a7114a@df553254-38fe-4815-bcf9-ff8b88b6b2a4/IncomingWebhook/b64f9d132f9545b786b5794cea530393/8c5ef1ee-5dd5-4048-a9b2-10d665e1fd53",
              "techsecom_local_rke2_manager_warning": "https://techsecom.webhook.office.com/webhookb2/d4612c53-a2da-4d13-aaef-52b525a7114a@df553254-38fe-4815-bcf9-ff8b88b6b2a4/IncomingWebhook/1d15a06f7afb47c1b49f10b866794875/8c5ef1ee-5dd5-4048-a9b2-10d665e1fd53",
              "vsphere_admin_password": "caniseeU@1"
            }
          },
          "sensitive_attributes": []
        }
      ]
    },
    {
      "mode": "managed",
      "type": "hcloud_server",
      "name": "node1",
      "provider": "provider[\"registry.terraform.io/hetznercloud/hcloud\"]",
      "instances": [
        {
          "index_key": 0,
          "schema_version": 0,
          "attributes": {
            "allow_deprecated_images": false,
            "backup_window": "",
            "backups": false,
            "datacenter": "ash-dc1",
            "delete_protection": false,
            "firewall_ids": [],
            "id": "39936263",
            "ignore_remote_firewall_ids": false,
            "image": "ubuntu-22.04",
            "ipv4_address": "5.161.209.205",
            "ipv6_address": "2a01:4ff:f0:3e40::1",
            "ipv6_network": "2a01:4ff:f0:3e40::/64",
            "iso": null,
            "keep_disk": false,
            "labels": null,
            "location": "ash",
            "name": "dev-o1-0",
            "network": [],
            "placement_group_id": null,
            "public_net": [
              {
                "ipv4": 0,
                "ipv4_enabled": true,
                "ipv6": 0,
                "ipv6_enabled": true
              }
            ],
            "rebuild_protection": false,
            "rescue": null,
            "server_type": "cpx21",
            "shutdown_before_deletion": false,
            "ssh_keys": [
              "17446090"
            ],
            "status": "running",
            "timeouts": null,
            "user_data": null
          },
          "sensitive_attributes": [],
          "private": "eyJlMmJmYjczMC1lY2FhLTExZTYtOGY4OC0zNDM2M2JjN2M0YzAiOnsiY3JlYXRlIjo1NDAwMDAwMDAwMDAwfX0=",
          "dependencies": [
            "data.hcp_vault_secrets_app.techsecom-infra",
            "hcloud_ssh_key.ssh-key"
          ]
        },
        {
          "index_key": 1,
          "schema_version": 0,
          "attributes": {
            "allow_deprecated_images": false,
            "backup_window": "",
            "backups": false,
            "datacenter": "ash-dc1",
            "delete_protection": false,
            "firewall_ids": [],
            "id": "39936264",
            "ignore_remote_firewall_ids": false,
            "image": "ubuntu-22.04",
            "ipv4_address": "5.161.44.209",
            "ipv6_address": "2a01:4ff:f0:239e::1",
            "ipv6_network": "2a01:4ff:f0:239e::/64",
            "iso": null,
            "keep_disk": false,
            "labels": null,
            "location": "ash",
            "name": "dev-o1-1",
            "network": [],
            "placement_group_id": null,
            "public_net": [
              {
                "ipv4": 0,
                "ipv4_enabled": true,
                "ipv6": 0,
                "ipv6_enabled": true
              }
            ],
            "rebuild_protection": false,
            "rescue": null,
            "server_type": "cpx21",
            "shutdown_before_deletion": false,
            "ssh_keys": [
              "17446090"
            ],
            "status": "running",
            "timeouts": null,
            "user_data": null
          },
          "sensitive_attributes": [],
          "private": "eyJlMmJmYjczMC1lY2FhLTExZTYtOGY4OC0zNDM2M2JjN2M0YzAiOnsiY3JlYXRlIjo1NDAwMDAwMDAwMDAwfX0=",
          "dependencies": [
            "data.hcp_vault_secrets_app.techsecom-infra",
            "hcloud_ssh_key.ssh-key"
          ]
        },
        {
          "index_key": 2,
          "schema_version": 0,
          "attributes": {
            "allow_deprecated_images": false,
            "backup_window": "",
            "backups": false,
            "datacenter": "ash-dc1",
            "delete_protection": false,
            "firewall_ids": [],
            "id": "39936266",
            "ignore_remote_firewall_ids": false,
            "image": "ubuntu-22.04",
            "ipv4_address": "5.161.118.111",
            "ipv6_address": "2a01:4ff:f0:ad00::1",
            "ipv6_network": "2a01:4ff:f0:ad00::/64",
            "iso": null,
            "keep_disk": false,
            "labels": null,
            "location": "ash",
            "name": "dev-o1-2",
            "network": [],
            "placement_group_id": null,
            "public_net": [
              {
                "ipv4": 0,
                "ipv4_enabled": true,
                "ipv6": 0,
                "ipv6_enabled": true
              }
            ],
            "rebuild_protection": false,
            "rescue": null,
            "server_type": "cpx21",
            "shutdown_before_deletion": false,
            "ssh_keys": [
              "17446090"
            ],
            "status": "running",
            "timeouts": null,
            "user_data": null
          },
          "sensitive_attributes": [],
          "private": "eyJlMmJmYjczMC1lY2FhLTExZTYtOGY4OC0zNDM2M2JjN2M0YzAiOnsiY3JlYXRlIjo1NDAwMDAwMDAwMDAwfX0=",
          "dependencies": [
            "data.hcp_vault_secrets_app.techsecom-infra",
            "hcloud_ssh_key.ssh-key"
          ]
        },
        {
          "index_key": 3,
          "schema_version": 0,
          "attributes": {
            "allow_deprecated_images": false,
            "backup_window": "",
            "backups": false,
            "datacenter": "ash-dc1",
            "delete_protection": false,
            "firewall_ids": [],
            "id": "39936265",
            "ignore_remote_firewall_ids": false,
            "image": "ubuntu-22.04",
            "ipv4_address": "5.161.230.102",
            "ipv6_address": "2a01:4ff:f0:86f3::1",
            "ipv6_network": "2a01:4ff:f0:86f3::/64",
            "iso": null,
            "keep_disk": false,
            "labels": null,
            "location": "ash",
            "name": "dev-o1-3",
            "network": [],
            "placement_group_id": null,
            "public_net": [
              {
                "ipv4": 0,
                "ipv4_enabled": true,
                "ipv6": 0,
                "ipv6_enabled": true
              }
            ],
            "rebuild_protection": false,
            "rescue": null,
            "server_type": "cpx21",
            "shutdown_before_deletion": false,
            "ssh_keys": [
              "17446090"
            ],
            "status": "running",
            "timeouts": null,
            "user_data": null
          },
          "sensitive_attributes": [],
          "private": "eyJlMmJmYjczMC1lY2FhLTExZTYtOGY4OC0zNDM2M2JjN2M0YzAiOnsiY3JlYXRlIjo1NDAwMDAwMDAwMDAwfX0=",
          "dependencies": [
            "data.hcp_vault_secrets_app.techsecom-infra",
            "hcloud_ssh_key.ssh-key"
          ]
        },
        {
          "index_key": 4,
          "schema_version": 0,
          "attributes": {
            "allow_deprecated_images": false,
            "backup_window": "",
            "backups": false,
            "datacenter": "ash-dc1",
            "delete_protection": false,
            "firewall_ids": [],
            "id": "39936267",
            "ignore_remote_firewall_ids": false,
            "image": "ubuntu-22.04",
            "ipv4_address": "5.161.122.226",
            "ipv6_address": "2a01:4ff:f0:b48b::1",
            "ipv6_network": "2a01:4ff:f0:b48b::/64",
            "iso": null,
            "keep_disk": false,
            "labels": null,
            "location": "ash",
            "name": "dev-o1-4",
            "network": [],
            "placement_group_id": null,
            "public_net": [
              {
                "ipv4": 0,
                "ipv4_enabled": true,
                "ipv6": 0,
                "ipv6_enabled": true
              }
            ],
            "rebuild_protection": false,
            "rescue": null,
            "server_type": "cpx21",
            "shutdown_before_deletion": false,
            "ssh_keys": [
              "17446090"
            ],
            "status": "running",
            "timeouts": null,
            "user_data": null
          },
          "sensitive_attributes": [],
          "private": "eyJlMmJmYjczMC1lY2FhLTExZTYtOGY4OC0zNDM2M2JjN2M0YzAiOnsiY3JlYXRlIjo1NDAwMDAwMDAwMDAwfX0=",
          "dependencies": [
            "data.hcp_vault_secrets_app.techsecom-infra",
            "hcloud_ssh_key.ssh-key"
          ]
        }
      ]
    },
    {
      "mode": "managed",
      "type": "hcloud_ssh_key",
      "name": "ssh-key",
      "provider": "provider[\"registry.terraform.io/hetznercloud/hcloud\"]",
      "instances": [
        {
          "schema_version": 0,
          "attributes": {
            "fingerprint": "50:0c:8e:06:21:69:a5:13:ad:54:03:85:83:e9:83:df",
            "id": "17446090",
            "labels": null,
            "name": "Developer SSH Key",
            "public_key": "ssh-rsa AAAAB3NzaC1yc2EAAAADAQABAAABgQC1cCODSBqlbTwF98sT4TWQttRY8iGPwhpsULgp9m71GPNAJLKRWUkXQWpbUEBNXwTSQKgPzpK2L2OYW4gTYBE0qpFBi6UADvXA38glMYL57Ohc3mHiBvWc/zYnEnczK1G3TBbyamd6yB4ZfqP4O70uLvy6iKJUFIl3TdzXjOmkx5nlYiQUb0Jx8UuneG/R1Km2P3h1JGteCIXmuhZqnQKvjEAMuOS6VWyCJoBW+BqxKHtheltnmBXddYdcEurfDnRcb6ms8SqgYpoVTMvyjW5V+0annibuZjxCbZcp3PycTYQ1nTMTq4iZdVMcvZpyGIuUg8PBPITsfTsbz25xhjowozmGphYZL3aP2ISJ5h6T8gbXes4Gz+i7d2OvAs6dAduIrX5hT7DB6eSWXTlTAOmzu3iXhg4/E+1c9pZxyY78HohgP1CaHmACkyiPt+/dQVKhbVbJQ8W2y57ygxbxeW5IKDtAFK3pECEKpSiKPA4/DoespSQo6Dj8RBST6gjF0AU= donald-personal-mac\n"
          },
          "sensitive_attributes": [],
          "private": "bnVsbA==",
          "dependencies": [
            "data.hcp_vault_secrets_app.techsecom-infra"
          ]
        }
      ]
    }
  ],
  "check_results": null
}
